
Microsoft Visual Studio Solution File, Format Version 12.00
# Visual Studio Version 17
VisualStudioVersion = 17.8.34322.80
MinimumVisualStudioVersion = 10.0.40219.1
Project("{FAE04EC0-301F-11D3-BF4B-00C04F79EFBC}") = "AMQP_Client", "AMQP_Client\AMQP_Client.csproj", "{B34A011A-3262-4FF3-9CD2-7344D953F2A7}"
EndProject
Project("{FAE04EC0-301F-11D3-BF4B-00C04F79EFBC}") = "AMQP_Reciver", "AMQP_Reciver\AMQP_Reciver.csproj", "{93D1A89C-6067-454F-8AAB-5AE312884340}"
EndProject
Global
	GlobalSection(SolutionConfigurationPlatforms) = preSolution
		Debug|Any CPU = Debug|Any CPU
		Release|Any CPU = Release|Any CPU
	EndGlobalSection
	GlobalSection(ProjectConfigurationPlatforms) = postSolution
		{B34A011A-3262-4FF3-9CD2-7344D953F2A7}.Debug|Any CPU.ActiveCfg = Debug|Any CPU
		{B34A011A-3262-4FF3-9CD2-7344D953F2A7}.Debug|Any CPU.Build.0 = Debug|Any CPU
		{B34A011A-3262-4FF3-9CD2-7344D953F2A7}.Release|Any CPU.ActiveCfg = Release|Any CPU
		{B34A011A-3262-4FF3-9CD2-7344D953F2A7}.Release|Any CPU.Build.0 = Release|Any CPU
		{93D1A89C-6067-454F-8AAB-5AE312884340}.Debug|Any CPU.ActiveCfg = Debug|Any CPU
		{93D1A89C-6067-454F-8AAB-5AE312884340}.Debug|Any CPU.Build.0 = Debug|Any CPU
		{93D1A89C-6067-454F-8AAB-5AE312884340}.Release|Any CPU.ActiveCfg = Release|Any CPU
		{93D1A89C-6067-454F-8AAB-5AE312884340}.Release|Any CPU.Build.0 = Release|Any CPU
	EndGlobalSection
	GlobalSection(SolutionProperties) = preSolution
		HideSolutionNode = FALSE
	EndGlobalSection
	GlobalSection(ExtensibilityGlobals) = postSolution
		SolutionGuid = {CB16AB5E-7C91-48D1-83C5-987E6604B669}
	EndGlobalSection
EndGlobal
